
Microsoft Visual Studio Solution File, Format Version 12.00
# Visual Studio 15
VisualStudioVersion = 15.0.27703.2035
MinimumVisualStudioVersion = 10.0.40219.1
Project("{FAE04EC0-301F-11D3-BF4B-00C04F79EFBC}") = "CampbellLoggerSetup", "CampbellLoggerSetup\CampbellLoggerSetup.csproj", "{5AA34D46-B79F-4F51-909A-1546B2361A58}"
EndProject
Global
	GlobalSection(SolutionConfigurationPlatforms) = preSolution
		Debug|Any CPU = Debug|Any CPU
		Release|Any CPU = Release|Any CPU
	EndGlobalSection
	GlobalSection(ProjectConfigurationPlatforms) = postSolution
		{5AA34D46-B79F-4F51-909A-1546B2361A58}.Debug|Any CPU.ActiveCfg = Debug|Any CPU
		{5AA34D46-B79F-4F51-909A-1546B2361A58}.Debug|Any CPU.Build.0 = Debug|Any CPU
		{5AA34D46-B79F-4F51-909A-1546B2361A58}.Release|Any CPU.ActiveCfg = Release|Any CPU
		{5AA34D46-B79F-4F51-909A-1546B2361A58}.Release|Any CPU.Build.0 = Release|Any CPU
	EndGlobalSection
	GlobalSection(SolutionProperties) = preSolution
		HideSolutionNode = FALSE
	EndGlobalSection
	GlobalSection(ExtensibilityGlobals) = postSolution
		SolutionGuid = {DC262575-446B-4F23-905E-11DABC1DE2E8}
	EndGlobalSection
EndGlobal
